// !$*UTF8*$!
{
	archiveVersion = 1;
	classes = {
	};
	objectVersion = 55;
	objects = {

/* Begin PBXBuildFile section */
		795BA6E94E1FB6E061DD2D4A /* Pods_Renda10min.framework in Frameworks */ = {isa = PBXBuildFile; fileRef = 05F93BEC0A70501E45ABE84D /* Pods_Renda10min.framework */; };
		A055B40F28BF42070066EB73 /* AppDelegate.swift in Sources */ = {isa = PBXBuildFile; fileRef = A055B40E28BF42070066EB73 /* AppDelegate.swift */; };
		A055B41128BF42070066EB73 /* SceneDelegate.swift in Sources */ = {isa = PBXBuildFile; fileRef = A055B41028BF42070066EB73 /* SceneDelegate.swift */; };
		A055B41328BF42070066EB73 /* ViewController.swift in Sources */ = {isa = PBXBuildFile; fileRef = A055B41228BF42070066EB73 /* ViewController.swift */; };
		A055B41628BF42070066EB73 /* Main.storyboard in Resources */ = {isa = PBXBuildFile; fileRef = A055B41428BF42070066EB73 /* Main.storyboard */; };
		A055B41828BF42080066EB73 /* Assets.xcassets in Resources */ = {isa = PBXBuildFile; fileRef = A055B41728BF42080066EB73 /* Assets.xcassets */; };
		A055B41B28BF42080066EB73 /* LaunchScreen.storyboard in Resources */ = {isa = PBXBuildFile; fileRef = A055B41928BF42080066EB73 /* LaunchScreen.storyboard */; };
/* End PBXBuildFile section */

/* Begin PBXFileReference section */
		05F93BEC0A70501E45ABE84D /* Pods_Renda10min.framework */ = {isa = PBXFileReference; explicitFileType = wrapper.framework; includeInIndex = 0; path = Pods_Renda10min.framework; sourceTree = BUILT_PRODUCTS_DIR; };
		4EE0D874F441D57BA958BD06 /* Pods-Renda10min.release.xcconfig */ = {isa = PBXFileReference; includeInIndex = 1; lastKnownFileType = text.xcconfig; name = "Pods-Renda10min.release.xcconfig"; path = "Target Support Files/Pods-Renda10min/Pods-Renda10min.release.xcconfig"; sourceTree = "<group>"; };
		A055B40B28BF42070066EB73 /* Renda10min.app */ = {isa = PBXFileReference; explicitFileType = wrapper.application; includeInIndex = 0; path = Renda10min.app; sourceTree = BUILT_PRODUCTS_DIR; };
		A055B40E28BF42070066EB73 /* AppDelegate.swift */ = {isa = PBXFileReference; lastKnownFileType = sourcecode.swift; path = AppDelegate.swift; sourceTree = "<group>"; };
		A055B41028BF42070066EB73 /* SceneDelegate.swift */ = {isa = PBXFileReference; lastKnownFileType = sourcecode.swift; path = SceneDelegate.swift; sourceTree = "<group>"; };
		A055B41228BF42070066EB73 /* ViewController.swift */ = {isa = PBXFileReference; lastKnownFileType = sourcecode.swift; path = ViewController.swift; sourceTree = "<group>"; };
		A055B41528BF42070066EB73 /* Base */ = {isa = PBXFileReference; lastKnownFileType = file.storyboard; name = Base; path = Base.lproj/Main.storyboard; sourceTree = "<group>"; };
		A055B41728BF42080066EB73 /* Assets.xcassets */ = {isa = PBXFileReference; lastKnownFileType = folder.assetcatalog; path = Assets.xcassets; sourceTree = "<group>"; };
		A055B41A28BF42080066EB73 /* Base */ = {isa = PBXFileReference; lastKnownFileType = file.storyboard; name = Base; path = Base.lproj/LaunchScreen.storyboard; sourceTree = "<group>"; };
		A055B41C28BF42080066EB73 /* Info.plist */ = {isa = PBXFileReference; lastKnownFileType = text.plist.xml; path = Info.plist; sourceTree = "<group>"; };
		FFA4B985B5869DB45DBAD29B /* Pods-Renda10min.debug.xcconfig */ = {isa = PBXFileReference; includeInIndex = 1; lastKnownFileType = text.xcconfig; name = "Pods-Renda10min.debug.xcconfig"; path = "Target Support Files/Pods-Renda10min/Pods-Renda10min.debug.xcconfig"; sourceTree = "<group>"; };
/* End PBXFileReference section */

/* Begin PBXFrameworksBuildPhase section */
		A055B40828BF42070066EB73 /* Frameworks */ = {
			isa = PBXFrameworksBuildPhase;
			buildActionMask = 2147483647;
			files = (
				795BA6E94E1FB6E061DD2D4A /* Pods_Renda10min.framework in Frameworks */,
			);
			runOnlyForDeploymentPostprocessing = 0;
		};
/* End PBXFrameworksBuildPhase section */

/* Begin PBXGroup section */
		706A395468D5821C18AFBC19 /* Pods */ = {
			isa = PBXGroup;
			children = (
				FFA4B985B5869DB45DBAD29B /* Pods-Renda10min.debug.xcconfig */,
				4EE0D874F441D57BA958BD06 /* Pods-Renda10min.release.xcconfig */,
			);
			name = Pods;
			path = Pods;
			sourceTree = "<group>";
		};
		968D9C28CAFA7E5912BB3206 /* Frameworks */ = {
			isa = PBXGroup;
			children = (
				05F93BEC0A70501E45ABE84D /* Pods_Renda10min.framework */,
			);
			name = Frameworks;
			sourceTree = "<group>";
		};
		A055B40228BF42070066EB73 = {
			isa = PBXGroup;
			children = (
				A055B40D28BF42070066EB73 /* Renda10min */,
				A055B40C28BF42070066EB73 /* Products */,
				706A395468D5821C18AFBC19 /* Pods */,
				968D9C28CAFA7E5912BB3206 /* Frameworks */,
			);
			sourceTree = "<group>";
		};
		A055B40C28BF42070066EB73 /* Products */ = {
			isa = PBXGroup;
			children = (
				A055B40B28BF42070066EB73 /* Renda10min.app */,
			);
			name = Products;
			sourceTree = "<group>";
		};
		A055B40D28BF42070066EB73 /* Renda10min */ = {
			isa = PBXGroup;
			children = (
				A055B40E28BF42070066EB73 /* AppDelegate.swift */,
				A055B41028BF42070066EB73 /* SceneDelegate.swift */,
				A055B41228BF42070066EB73 /* ViewController.swift */,
				A055B41428BF42070066EB73 /* Main.storyboard */,
				A055B41728BF42080066EB73 /* Assets.xcassets */,
				A055B41928BF42080066EB73 /* LaunchScreen.storyboard */,
				A055B41C28BF42080066EB73 /* Info.plist */,
			);
			path = Renda10min;
			sourceTree = "<group>";
		};
/* End PBXGroup section */

/* Begin PBXNativeTarget section */
		A055B40A28BF42070066EB73 /* Renda10min */ = {
			isa = PBXNativeTarget;
			buildConfigurationList = A055B41F28BF42080066EB73 /* Build configuration list for PBXNativeTarget "Renda10min" */;
			buildPhases = (
				C20BE19873AF6A570F3057E3 /* [CP] Check Pods Manifest.lock */,
				A055B40728BF42070066EB73 /* Sources */,
				A055B40828BF42070066EB73 /* Frameworks */,
				A055B40928BF42070066EB73 /* Resources */,
				2EAD0DAA5F87457BECEDE8AC /* [CP] Embed Pods Frameworks */,
			);
			buildRules = (
			);
			dependencies = (
			);
			name = Renda10min;
			productName = Renda10min;
			productReference = A055B40B28BF42070066EB73 /* Renda10min.app */;
			productType = "com.apple.product-type.application";
		};
/* End PBXNativeTarget section */

/* Begin PBXProject section */
		A055B40328BF42070066EB73 /* Project object */ = {
			isa = PBXProject;
			attributes = {
				BuildIndependentTargetsInParallel = 1;
				LastSwiftUpdateCheck = 1340;
				LastUpgradeCheck = 1340;
				TargetAttributes = {
					A055B40A28BF42070066EB73 = {
						CreatedOnToolsVersion = 13.4.1;
					};
				};
			};
			buildConfigurationList = A055B40628BF42070066EB73 /* Build configuration list for PBXProject "Renda10min" */;
			compatibilityVersion = "Xcode 13.0";
			developmentRegion = en;
			hasScannedForEncodings = 0;
			knownRegions = (
				en,
				Base,
			);
			mainGroup = A055B40228BF42070066EB73;
			productRefGroup = A055B40C28BF42070066EB73 /* Products */;
			projectDirPath = "";
			projectRoot = "";
			targets = (
				A055B40A28BF42070066EB73 /* Renda10min */,
			);
		};
/* End PBXProject section */

/* Begin PBXResourcesBuildPhase section */
		A055B40928BF42070066EB73 /* Resources */ = {
			isa = PBXResourcesBuildPhase;
			buildActionMask = 2147483647;
			files = (
				A055B41B28BF42080066EB73 /* LaunchScreen.storyboard in Resources */,
				A055B41828BF42080066EB73 /* Assets.xcassets in Resources */,
				A055B41628BF42070066EB73 /* Main.storyboard in Resources */,
			);
			runOnlyForDeploymentPostprocessing = 0;
		};
/* End PBXResourcesBuildPhase section */

/* Begin PBXShellScriptBuildPhase section */
		2EAD0DAA5F87457BECEDE8AC /* [CP] Embed Pods Frameworks */ = {
			isa = PBXShellScriptBuildPhase;
			buildActionMask = 2147483647;
			files = (
			);
			inputFileListPaths = (
				"${PODS_ROOT}/Target Support Files/Pods-Renda10min/Pods-Renda10min-frameworks-${CONFIGURATION}-input-files.xcfilelist",
			);
			name = "[CP] Embed Pods Frameworks";
			outputFileListPaths = (
				"${PODS_ROOT}/Target Support Files/Pods-Renda10min/Pods-Renda10min-frameworks-${CONFIGURATION}-output-files.xcfilelist",
			);
			runOnlyForDeploymentPostprocessing = 0;
			shellPath = /bin/sh;
			shellScript = "\"${PODS_ROOT}/Target Support Files/Pods-Renda10min/Pods-Renda10min-frameworks.sh\"\n";
			showEnvVarsInLog = 0;
		};
		C20BE19873AF6A570F3057E3 /* [CP] Check Pods Manifest.lock */ = {
			isa = PBXShellScriptBuildPhase;
			buildActionMask = 2147483647;
			files = (
			);
			inputFileListPaths = (
			);
			inputPaths = (
				"${PODS_PODFILE_DIR_PATH}/Podfile.lock",
				"${PODS_ROOT}/Manifest.lock",
			);
			name = "[CP] Check Pods Manifest.lock";
			outputFileListPaths = (
			);
			outputPaths = (
				"$(DERIVED_FILE_DIR)/Pods-Renda10min-checkManifestLockResult.txt",
			);
			runOnlyForDeploymentPostprocessing = 0;
			shellPath = /bin/sh;
			shellScript = "diff \"${PODS_PODFILE_DIR_PATH}/Podfile.lock\" \"${PODS_ROOT}/Manifest.lock\" > /dev/null\nif [ $? != 0 ] ; then\n    # print error to STDERR\n    echo \"error: The sandbox is not in sync with the Podfile.lock. Run 'pod install' or update your CocoaPods installation.\" >&2\n    exit 1\nfi\n# This output is used by Xcode 'outputs' to avoid re-running this script phase.\necho \"SUCCESS\" > \"${SCRIPT_OUTPUT_FILE_0}\"\n";
			showEnvVarsInLog = 0;
		};
/* End PBXShellScriptBuildPhase section */

/* Begin PBXSourcesBuildPhase section */
		A055B40728BF42070066EB73 /* Sources */ = {
			isa = PBXSourcesBuildPhase;
			buildActionMask = 2147483647;
			files = (
				A055B41328BF42070066EB73 /* ViewController.swift in Sources */,
				A055B40F28BF42070066EB73 /* AppDelegate.swift in Sources */,
				A055B41128BF42070066EB73 /* SceneDelegate.swift in Sources */,
			);
			runOnlyForDeploymentPostprocessing = 0;
		};
/* End PBXSourcesBuildPhase section */

/* Begin PBXVariantGroup section */
		A055B41428BF42070066EB73 /* Main.storyboard */ = {
			isa = PBXVariantGroup;
			children = (
				A055B41528BF42070066EB73 /* Base */,
			);
			name = Main.storyboard;
			sourceTree = "<group>";
		};
		A055B41928BF42080066EB73 /* LaunchScreen.storyboard */ = {
			isa = PBXVariantGroup;
			children = (
				A055B41A28BF42080066EB73 /* Base */,
			);
			name = LaunchScreen.storyboard;
			sourceTree = "<group>";
		};
/* End PBXVariantGroup section */

/* Begin XCBuildConfiguration section */
		A055B41D28BF42080066EB73 /* Debug */ = {
			isa = XCBuildConfiguration;
			buildSettings = {
				ALWAYS_SEARCH_USER_PATHS = NO;
				CLANG_ANALYZER_NONNULL = YES;
				CLANG_ANALYZER_NUMBER_OBJECT_CONVERSION = YES_AGGRESSIVE;
				CLANG_CXX_LANGUAGE_STANDARD = "gnu++17";
				CLANG_ENABLE_MODULES = YES;
				CLANG_ENABLE_OBJC_ARC = YES;
				CLANG_ENABLE_OBJC_WEAK = YES;
				CLANG_WARN_BLOCK_CAPTURE_AUTORELEASING = YES;
				CLANG_WARN_BOOL_CONVERSION = YES;
				CLANG_WARN_COMMA = YES;
				CLANG_WARN_CONSTANT_CONVERSION = YES;
				CLANG_WARN_DEPRECATED_OBJC_IMPLEMENTATIONS = YES;
				CLANG_WARN_DIRECT_OBJC_ISA_USAGE = YES_ERROR;
				CLANG_WARN_DOCUMENTATION_COMMENTS = YES;
				CLANG_WARN_EMPTY_BODY = YES;
				CLANG_WARN_ENUM_CONVERSION = YES;
				CLANG_WARN_INFINITE_RECURSION = YES;
				CLANG_WARN_INT_CONVERSION = YES;
				CLANG_WARN_NON_LITERAL_NULL_CONVERSION = YES;
				CLANG_WARN_OBJC_IMPLICIT_RETAIN_SELF = YES;
				CLANG_WARN_OBJC_LITERAL_CONVERSION = YES;
				CLANG_WARN_OBJC_ROOT_CLASS = YES_ERROR;
				CLANG_WARN_QUOTED_INCLUDE_IN_FRAMEWORK_HEADER = YES;
				CLANG_WARN_RANGE_LOOP_ANALYSIS = YES;
				CLANG_WARN_STRICT_PROTOTYPES = YES;
				CLANG_WARN_SUSPICIOUS_MOVE = YES;
				CLANG_WARN_UNGUARDED_AVAILABILITY = YES_AGGRESSIVE;
				CLANG_WARN_UNREACHABLE_CODE = YES;
				CLANG_WARN__DUPLICATE_METHOD_MATCH = YES;
				COPY_PHASE_STRIP = NO;
				DEBUG_INFORMATION_FORMAT = dwarf;
				ENABLE_STRICT_OBJC_MSGSEND = YES;
				ENABLE_TESTABILITY = YES;
				GCC_C_LANGUAGE_STANDARD = gnu11;
				GCC_DYNAMIC_NO_PIC = NO;
				GCC_NO_COMMON_BLOCKS = YES;
				GCC_OPTIMIZATION_LEVEL = 0;
				GCC_PREPROCESSOR_DEFINITIONS = (
					"DEBUG=1",
					"$(inherited)",
				);
				GCC_WARN_64_TO_32_BIT_CONVERSION = YES;
				GCC_WARN_ABOUT_RETURN_TYPE = YES_ERROR;
				GCC_WARN_UNDECLARED_SELECTOR = YES;
				GCC_WARN_UNINITIALIZED_AUTOS = YES_AGGRESSIVE;
				GCC_WARN_UNUSED_FUNCTION = YES;
				GCC_WARN_UNUSED_VARIABLE = YES;
				IPHONEOS_DEPLOYMENT_TARGET = 15.5;
				MTL_ENABLE_DEBUG_INFO = INCLUDE_SOURCE;
				MTL_FAST_MATH = YES;
				ONLY_ACTIVE_ARCH = YES;
				SDKROOT = iphoneos;
				SWIFT_ACTIVE_COMPILATION_CONDITIONS = DEBUG;
				SWIFT_OPTIMIZATION_LEVEL = "-Onone";
			};
			name = Debug;
		};
		A055B41E28BF42080066EB73 /* Release */ = {
			isa = XCBuildConfiguration;
			buildSettings = {
				ALWAYS_SEARCH_USER_PATHS = NO;
				CLANG_ANALYZER_NONNULL = YES;
				CLANG_ANALYZER_NUMBER_OBJECT_CONVERSION = YES_AGGRESSIVE;
				CLANG_CXX_LANGUAGE_STANDARD = "gnu++17";
				CLANG_ENABLE_MODULES = YES;
				CLANG_ENABLE_OBJC_ARC = YES;
				CLANG_ENABLE_OBJC_WEAK = YES;
				CLANG_WARN_BLOCK_CAPTURE_AUTORELEASING = YES;
				CLANG_WARN_BOOL_CONVERSION = YES;
				CLANG_WARN_COMMA = YES;
				CLANG_WARN_CONSTANT_CONVERSION = YES;
				CLANG_WARN_DEPRECATED_OBJC_IMPLEMENTATIONS = YES;
				CLANG_WARN_DIRECT_OBJC_ISA_USAGE = YES_ERROR;
				CLANG_WARN_DOCUMENTATION_COMMENTS = YES;
				CLANG_WARN_EMPTY_BODY = YES;
				CLANG_WARN_ENUM_CONVERSION = YES;
				CLANG_WARN_INFINITE_RECURSION = YES;
				CLANG_WARN_INT_CONVERSION = YES;
				CLANG_WARN_NON_LITERAL_NULL_CONVERSION = YES;
				CLANG_WARN_OBJC_IMPLICIT_RETAIN_SELF = YES;
				CLANG_WARN_OBJC_LITERAL_CONVERSION = YES;
				CLANG_WARN_OBJC_ROOT_CLASS = YES_ERROR;
				CLANG_WARN_QUOTED_INCLUDE_IN_FRAMEWORK_HEADER = YES;
				CLANG_WARN_RANGE_LOOP_ANALYSIS = YES;
				CLANG_WARN_STRICT_PROTOTYPES = YES;
				CLANG_WARN_SUSPICIOUS_MOVE = YES;
				CLANG_WARN_UNGUARDED_AVAILABILITY = YES_AGGRESSIVE;
				CLANG_WARN_UNREACHABLE_CODE = YES;
				CLANG_WARN__DUPLICATE_METHOD_MATCH = YES;
				COPY_PHASE_STRIP = NO;
				DEBUG_INFORMATION_FORMAT = "dwarf-with-dsym";
				ENABLE_NS_ASSERTIONS = NO;
				ENABLE_STRICT_OBJC_MSGSEND = YES;
				GCC_C_LANGUAGE_STANDARD = gnu11;
				GCC_NO_COMMON_BLOCKS = YES;
				GCC_WARN_64_TO_32_BIT_CONVERSION = YES;
				GCC_WARN_ABOUT_RETURN_TYPE = YES_ERROR;
				GCC_WARN_UNDECLARED_SELECTOR = YES;
				GCC_WARN_UNINITIALIZED_AUTOS = YES_AGGRESSIVE;
				GCC_WARN_UNUSED_FUNCTION = YES;
				GCC_WARN_UNUSED_VARIABLE = YES;
				IPHONEOS_DEPLOYMENT_TARGET = 15.5;
				MTL_ENABLE_DEBUG_INFO = NO;
				MTL_FAST_MATH = YES;
				SDKROOT = iphoneos;
				SWIFT_COMPILATION_MODE = wholemodule;
				SWIFT_OPTIMIZATION_LEVEL = "-O";
				VALIDATE_PRODUCT = YES;
			};
			name = Release;
		};
		A055B42028BF42080066EB73 /* Debug */ = {
			isa = XCBuildConfiguration;
			baseConfigurationReference = FFA4B985B5869DB45DBAD29B /* Pods-Renda10min.debug.xcconfig */;
			buildSettings = {
				ASSETCATALOG_COMPILER_APPICON_NAME = AppIcon;
				ASSETCATALOG_COMPILER_GLOBAL_ACCENT_COLOR_NAME = AccentColor;
				CODE_SIGN_STYLE = Automatic;
				CURRENT_PROJECT_VERSION = 1;
				GENERATE_INFOPLIST_FILE = YES;
				INFOPLIST_FILE = Renda10min/Info.plist;
				INFOPLIST_KEY_UIApplicationSupportsIndirectInputEvents = YES;
				INFOPLIST_KEY_UILaunchStoryboardName = LaunchScreen;
				INFOPLIST_KEY_UIMainStoryboardFile = Main;
				INFOPLIST_KEY_UISupportedInterfaceOrientations_iPad = "UIInterfaceOrientationPortrait UIInterfaceOrientationPortraitUpsideDown UIInterfaceOrientationLandscapeLeft UIInterfaceOrientationLandscapeRight";
				INFOPLIST_KEY_UISupportedInterfaceOrientations_iPhone = "UIInterfaceOrientationPortrait UIInterfaceOrientationLandscapeLeft UIInterfaceOrientationLandscapeRight";
				LD_RUNPATH_SEARCH_PATHS = (
					"$(inherited)",
					"@executable_path/Frameworks",
				);
				MARKETING_VERSION = 1.0;
				PRODUCT_BUNDLE_IDENTIFIER = app.wakamiya.konken.Renda10min;
				PRODUCT_NAME = "$(TARGET_NAME)";
				SWIFT_EMIT_LOC_STRINGS = YES;
				SWIFT_VERSION = 5.0;
				TARGETED_DEVICE_FAMILY = "1,2";
			};
			name = Debug;
		};
		A055B42128BF42080066EB73 /* Release */ = {
			isa = XCBuildConfiguration;
			baseConfigurationReference = 4EE0D874F441D57BA958BD06 /* Pods-Renda10min.release.xcconfig */;
			buildSettings = {
				ASSETCATALOG_COMPILER_APPICON_NAME = AppIcon;
				ASSETCATALOG_COMPILER_GLOBAL_ACCENT_COLOR_NAME = AccentColor;
				CODE_SIGN_STYLE = Automatic;
				CURRENT_PROJECT_VERSION = 1;
				GENERATE_INFOPLIST_FILE = YES;
				INFOPLIST_FILE = Renda10min/Info.plist;
				INFOPLIST_KEY_UIApplicationSupportsIndirectInputEvents = YES;
				INFOPLIST_KEY_UILaunchStoryboardName = LaunchScreen;
				INFOPLIST_KEY_UIMainStoryboardFile = Main;
				INFOPLIST_KEY_UISupportedInterfaceOrientations_iPad = "UIInterfaceOrientationPortrait UIInterfaceOrientationPortraitUpsideDown UIInterfaceOrientationLandscapeLeft UIInterfaceOrientationLandscapeRight";
				INFOPLIST_KEY_UISupportedInterfaceOrientations_iPhone = "UIInterfaceOrientationPortrait UIInterfaceOrientationLandscapeLeft UIInterfaceOrientationLandscapeRight";
				LD_RUNPATH_SEARCH_PATHS = (
					"$(inherited)",
					"@executable_path/Frameworks",
				);
				MARKETING_VERSION = 1.0;
				PRODUCT_BUNDLE_IDENTIFIER = app.wakamiya.konken.Renda10min;
				PRODUCT_NAME = "$(TARGET_NAME)";
				SWIFT_EMIT_LOC_STRINGS = YES;
				SWIFT_VERSION = 5.0;
				TARGETED_DEVICE_FAMILY = "1,2";
			};
			name = Release;
		};
/* End XCBuildConfiguration section */

/* Begin XCConfigurationList section */
		A055B40628BF42070066EB73 /* Build configuration list for PBXProject "Renda10min" */ = {
			isa = XCConfigurationList;
			buildConfigurations = (
				A055B41D28BF42080066EB73 /* Debug */,
				A055B41E28BF42080066EB73 /* Release */,
			);
			defaultConfigurationIsVisible = 0;
			defaultConfigurationName = Release;
		};
		A055B41F28BF42080066EB73 /* Build configuration list for PBXNativeTarget "Renda10min" */ = {
			isa = XCConfigurationList;
			buildConfigurations = (
				A055B42028BF42080066EB73 /* Debug */,
				A055B42128BF42080066EB73 /* Release */,
			);
			defaultConfigurationIsVisible = 0;
			defaultConfigurationName = Release;
		};
/* End XCConfigurationList section */
	};
	rootObject = A055B40328BF42070066EB73 /* Project object */;
}
